{
  "name": "portfolio",
  "version": "1.0.0",
  "lockfileVersion": 3,
  "requires": true,
  "packages": {
    "": {
      "name": "portfolio",
      "version": "1.0.0",
      "license": "ISC",
      "dependencies": {
        "@preline/carousel": "^5.0.0"
      }
    },
    "node_modules/@preline/carousel": {
      "version": "5.0.0",
      "resolved": "https://registry.npmjs.org/@preline/carousel/-/carousel-5.0.0.tgz",
      "integrity": "sha512-4zaA93HpyrcNkODfj+ofdKu2pRxnRaKdVmiTTpKnU3axJVM4HaihP9bZrgC5zYdKf4rLJ983W5duo1ti1Vng5g==",
      "license": "Licensed under MIT and Preline UI Fair Use License"
    }
  }
}
